
Microsoft Visual Studio Solution File, Format Version 12.00
# Visual Studio Version 16
VisualStudioVersion = 16.0.30517.126
MinimumVisualStudioVersion = 10.0.40219.1
Project("{FAE04EC0-301F-11D3-BF4B-00C04F79EFBC}") = "SpravaPotravin", "SpravaPotravin.csproj", "{2B9CA121-F52E-4C93-95BA-1C90ADDD11BC}"
EndProject
Global
	GlobalSection(SolutionConfigurationPlatforms) = preSolution
		Debug|Any CPU = Debug|Any CPU
		Release|Any CPU = Release|Any CPU
	EndGlobalSection
	GlobalSection(ProjectConfigurationPlatforms) = postSolution
		{2B9CA121-F52E-4C93-95BA-1C90ADDD11BC}.Debug|Any CPU.ActiveCfg = Debug|Any CPU
		{2B9CA121-F52E-4C93-95BA-1C90ADDD11BC}.Debug|Any CPU.Build.0 = Debug|Any CPU
		{2B9CA121-F52E-4C93-95BA-1C90ADDD11BC}.Release|Any CPU.ActiveCfg = Release|Any CPU
		{2B9CA121-F52E-4C93-95BA-1C90ADDD11BC}.Release|Any CPU.Build.0 = Release|Any CPU
	EndGlobalSection
	GlobalSection(SolutionProperties) = preSolution
		HideSolutionNode = FALSE
	EndGlobalSection
	GlobalSection(ExtensibilityGlobals) = postSolution
		SolutionGuid = {414EAADE-34E1-4102-A24C-E6AF9E7F5887}
	EndGlobalSection
EndGlobal
